{
  "name": "backend",
  "lockfileVersion": 2,
  "requires": true,
  "packages": {
    "": {
      "dependencies": {
        "hono": "^3.8.3"
      },
      "devDependencies": {
        "bun-types": "^0.6.2"
      }
    },
    "node_modules/bun-types": {
      "version": "0.6.14",
      "resolved": "https://registry.npmjs.org/bun-types/-/bun-types-0.6.14.tgz",
      "integrity": "sha512-sRdvu+t59+H/TVOe7FSGFWYITbqkhiCx9NxVUHt2+JOXM9gUOe5uMPvVvcr/hGngnh+/yb5a7uPE4JaS6uxujg==",
      "dev": true
    },
    "node_modules/hono": {
      "version": "3.8.3",
      "resolved": "https://registry.npmjs.org/hono/-/hono-3.8.3.tgz",
      "integrity": "sha512-NLJgUCKKMvijBy+V+U1FQTsNwHk2bD1KGlWJA9+qaCNWgx5St9bhfQwxrpcTGvG2Gi2naemTWCzBavDNXOqO6Q==",
      "engines": {
        "node": ">=16.0.0"
      }
    }
  },
  "dependencies": {
    "bun-types": {
      "version": "0.6.14",
      "resolved": "https://registry.npmjs.org/bun-types/-/bun-types-0.6.14.tgz",
      "integrity": "sha512-sRdvu+t59+H/TVOe7FSGFWYITbqkhiCx9NxVUHt2+JOXM9gUOe5uMPvVvcr/hGngnh+/yb5a7uPE4JaS6uxujg==",
      "dev": true
    },
    "hono": {
      "version": "3.8.3",
      "resolved": "https://registry.npmjs.org/hono/-/hono-3.8.3.tgz",
      "integrity": "sha512-NLJgUCKKMvijBy+V+U1FQTsNwHk2bD1KGlWJA9+qaCNWgx5St9bhfQwxrpcTGvG2Gi2naemTWCzBavDNXOqO6Q=="
    }
  }
}
